
Microsoft Visual Studio Solution File, Format Version 12.00
# Visual Studio Version 16
VisualStudioVersion = 16.0.30907.101
MinimumVisualStudioVersion = 10.0.40219.1
Project("{FAE04EC0-301F-11D3-BF4B-00C04F79EFBC}") = "1LR.task", "1LR.task\1LR.task.csproj", "{F5B8EBE5-AE1A-4A2B-9671-F7CC29E9649C}"
EndProject
Global
	GlobalSection(SolutionConfigurationPlatforms) = preSolution
		Debug|Any CPU = Debug|Any CPU
		Release|Any CPU = Release|Any CPU
	EndGlobalSection
	GlobalSection(ProjectConfigurationPlatforms) = postSolution
		{F5B8EBE5-AE1A-4A2B-9671-F7CC29E9649C}.Debug|Any CPU.ActiveCfg = Debug|Any CPU
		{F5B8EBE5-AE1A-4A2B-9671-F7CC29E9649C}.Debug|Any CPU.Build.0 = Debug|Any CPU
		{F5B8EBE5-AE1A-4A2B-9671-F7CC29E9649C}.Release|Any CPU.ActiveCfg = Release|Any CPU
		{F5B8EBE5-AE1A-4A2B-9671-F7CC29E9649C}.Release|Any CPU.Build.0 = Release|Any CPU
	EndGlobalSection
	GlobalSection(SolutionProperties) = preSolution
		HideSolutionNode = FALSE
	EndGlobalSection
	GlobalSection(ExtensibilityGlobals) = postSolution
		SolutionGuid = {6223287E-BC1B-4CEF-9C15-8FCA0DF3862D}
	EndGlobalSection
EndGlobal
