
Microsoft Visual Studio Solution File, Format Version 12.00
# Visual Studio Version 16
VisualStudioVersion = 16.0.30907.101
MinimumVisualStudioVersion = 10.0.40219.1
Project("{FAE04EC0-301F-11D3-BF4B-00C04F79EFBC}") = "2.2LR", "2.2LR\2.2LR.csproj", "{D24A8A8C-19F4-40F3-A382-AFBC6BF0769F}"
EndProject
Global
	GlobalSection(SolutionConfigurationPlatforms) = preSolution
		Debug|Any CPU = Debug|Any CPU
		Release|Any CPU = Release|Any CPU
	EndGlobalSection
	GlobalSection(ProjectConfigurationPlatforms) = postSolution
		{D24A8A8C-19F4-40F3-A382-AFBC6BF0769F}.Debug|Any CPU.ActiveCfg = Debug|Any CPU
		{D24A8A8C-19F4-40F3-A382-AFBC6BF0769F}.Debug|Any CPU.Build.0 = Debug|Any CPU
		{D24A8A8C-19F4-40F3-A382-AFBC6BF0769F}.Release|Any CPU.ActiveCfg = Release|Any CPU
		{D24A8A8C-19F4-40F3-A382-AFBC6BF0769F}.Release|Any CPU.Build.0 = Release|Any CPU
	EndGlobalSection
	GlobalSection(SolutionProperties) = preSolution
		HideSolutionNode = FALSE
	EndGlobalSection
	GlobalSection(ExtensibilityGlobals) = postSolution
		SolutionGuid = {860F08D8-7DC4-4106-ACD5-836A27D62504}
	EndGlobalSection
EndGlobal
