
Microsoft Visual Studio Solution File, Format Version 12.00
# Visual Studio Version 16
VisualStudioVersion = 16.0.31019.35
MinimumVisualStudioVersion = 10.0.40219.1
Project("{FAE04EC0-301F-11D3-BF4B-00C04F79EFBC}") = "6LR", "6LR\6LR.csproj", "{AF7F8914-B3EC-4601-9E10-937968F0CC05}"
EndProject
Global
	GlobalSection(SolutionConfigurationPlatforms) = preSolution
		Debug|Any CPU = Debug|Any CPU
		Release|Any CPU = Release|Any CPU
	EndGlobalSection
	GlobalSection(ProjectConfigurationPlatforms) = postSolution
		{AF7F8914-B3EC-4601-9E10-937968F0CC05}.Debug|Any CPU.ActiveCfg = Debug|Any CPU
		{AF7F8914-B3EC-4601-9E10-937968F0CC05}.Debug|Any CPU.Build.0 = Debug|Any CPU
		{AF7F8914-B3EC-4601-9E10-937968F0CC05}.Release|Any CPU.ActiveCfg = Release|Any CPU
		{AF7F8914-B3EC-4601-9E10-937968F0CC05}.Release|Any CPU.Build.0 = Release|Any CPU
	EndGlobalSection
	GlobalSection(SolutionProperties) = preSolution
		HideSolutionNode = FALSE
	EndGlobalSection
	GlobalSection(ExtensibilityGlobals) = postSolution
		SolutionGuid = {E528D197-B35B-41DC-84E1-D280FF03788D}
	EndGlobalSection
EndGlobal
