
Microsoft Visual Studio Solution File, Format Version 12.00
# Visual Studio Version 16
VisualStudioVersion = 16.0.31005.135
MinimumVisualStudioVersion = 10.0.40219.1
Project("{FAE04EC0-301F-11D3-BF4B-00C04F79EFBC}") = "3LR", "3LR\3LR.csproj", "{DCD2F2A4-F50F-4F5F-A555-2480CB6C1AA9}"
EndProject
Global
	GlobalSection(SolutionConfigurationPlatforms) = preSolution
		Debug|Any CPU = Debug|Any CPU
		Release|Any CPU = Release|Any CPU
	EndGlobalSection
	GlobalSection(ProjectConfigurationPlatforms) = postSolution
		{DCD2F2A4-F50F-4F5F-A555-2480CB6C1AA9}.Debug|Any CPU.ActiveCfg = Debug|Any CPU
		{DCD2F2A4-F50F-4F5F-A555-2480CB6C1AA9}.Debug|Any CPU.Build.0 = Debug|Any CPU
		{DCD2F2A4-F50F-4F5F-A555-2480CB6C1AA9}.Release|Any CPU.ActiveCfg = Release|Any CPU
		{DCD2F2A4-F50F-4F5F-A555-2480CB6C1AA9}.Release|Any CPU.Build.0 = Release|Any CPU
	EndGlobalSection
	GlobalSection(SolutionProperties) = preSolution
		HideSolutionNode = FALSE
	EndGlobalSection
	GlobalSection(ExtensibilityGlobals) = postSolution
		SolutionGuid = {D9821A1A-3AB9-47F7-B222-43C0ADB51F8B}
	EndGlobalSection
EndGlobal
